
Microsoft Visual Studio Solution File, Format Version 12.00
# Visual Studio Version 16
VisualStudioVersion = 16.0.31613.86
MinimumVisualStudioVersion = 10.0.40219.1
Project("{FAE04EC0-301F-11D3-BF4B-00C04F79EFBC}") = "C++++Class", "C++++Class\C++++Class.csproj", "{F3519642-85BB-46C2-B426-55BF15A8C051}"
EndProject
Global
	GlobalSection(SolutionConfigurationPlatforms) = preSolution
		Debug|Any CPU = Debug|Any CPU
		Release|Any CPU = Release|Any CPU
	EndGlobalSection
	GlobalSection(ProjectConfigurationPlatforms) = postSolution
		{F3519642-85BB-46C2-B426-55BF15A8C051}.Debug|Any CPU.ActiveCfg = Debug|Any CPU
		{F3519642-85BB-46C2-B426-55BF15A8C051}.Debug|Any CPU.Build.0 = Debug|Any CPU
		{F3519642-85BB-46C2-B426-55BF15A8C051}.Release|Any CPU.ActiveCfg = Release|Any CPU
		{F3519642-85BB-46C2-B426-55BF15A8C051}.Release|Any CPU.Build.0 = Release|Any CPU
	EndGlobalSection
	GlobalSection(SolutionProperties) = preSolution
		HideSolutionNode = FALSE
	EndGlobalSection
	GlobalSection(ExtensibilityGlobals) = postSolution
		SolutionGuid = {222F96C4-64D0-46E6-A6CD-8E4951AB5EEA}
	EndGlobalSection
EndGlobal
